
Microsoft Visual Studio Solution File, Format Version 12.00
# Visual Studio Version 16
VisualStudioVersion = 16.0.30011.22
MinimumVisualStudioVersion = 10.0.40219.1
Project("{2150E333-8FDC-42A3-9474-1A3956D46DE8}") = "_Root", "_Root", "{907D9916-43F6-485A-AEB3-72560525088A}"
	ProjectSection(SolutionItems) = preProject
		.gitignore = .gitignore
		Directory.Build.props = Directory.Build.props
		LICENSE.md = LICENSE.md
		README.md = README.md
		script-publish.ps1 = script-publish.ps1
	EndProjectSection
EndProject
Project("{2150E333-8FDC-42A3-9474-1A3956D46DE8}") = "_Misc", "_Misc", "{8E0807B9-6F5F-4BB1-AA23-2AED4FD99B71}"
	ProjectSection(SolutionItems) = preProject
		_Misc\MessageCommunicator.svg = _Misc\MessageCommunicator.svg
	EndProjectSection
EndProject
Project("{9A19103F-16F7-4668-BE54-9A1E7A4F7556}") = "MessageCommunicator", "MessageCommunicator\MessageCommunicator.csproj", "{0160AE6B-2303-4058-8918-9B7EEE66EC13}"
EndProject
Project("{9A19103F-16F7-4668-BE54-9A1E7A4F7556}") = "MessageCommunicator.TestGui", "MessageCommunicator.TestGui\MessageCommunicator.TestGui.csproj", "{A667D0C7-E91F-4364-856F-783B577BB072}"
EndProject
Project("{9A19103F-16F7-4668-BE54-9A1E7A4F7556}") = "MessageCommunicator.Tests", "MessageCommunicator.Tests\MessageCommunicator.Tests.csproj", "{15833E1F-B893-4D4C-9A37-B29E7ACDD236}"
EndProject
Project("{9A19103F-16F7-4668-BE54-9A1E7A4F7556}") = "MessageCommunicator.Samples", "MessageCommunicator.Samples\MessageCommunicator.Samples.csproj", "{7B36AA01-E6A4-49BD-9063-DA56DD25DBAD}"
EndProject
Project("{2150E333-8FDC-42A3-9474-1A3956D46DE8}") = ".github", ".github", "{912C279A-570B-490B-B610-5357670BF0D8}"
EndProject
Project("{2150E333-8FDC-42A3-9474-1A3956D46DE8}") = "workflows", "workflows", "{61C4FD8C-A0BC-4050-BD6C-1D48B45302E7}"
	ProjectSection(SolutionItems) = preProject
		.github\workflows\build-and-test.yml = .github\workflows\build-and-test.yml
	EndProjectSection
EndProject
Project("{2150E333-8FDC-42A3-9474-1A3956D46DE8}") = "WikiImages", "WikiImages", "{2B5F93AC-82F3-486D-8A44-07E2E21FA6A9}"
	ProjectSection(SolutionItems) = preProject
		_Misc\WikiImages\Screenshot_01.png = _Misc\WikiImages\Screenshot_01.png
		_Misc\WikiImages\Screenshot_02.png = _Misc\WikiImages\Screenshot_02.png
	EndProjectSection
EndProject
Project("{2150E333-8FDC-42A3-9474-1A3956D46DE8}") = "Nuget", "Nuget", "{C55F0A61-2E52-49DF-8BF0-86288AC9DAC6}"
	ProjectSection(SolutionItems) = preProject
		_Misc\Nuget\MessageCommunicator_128.png = _Misc\Nuget\MessageCommunicator_128.png
	EndProjectSection
EndProject
Project("{9A19103F-16F7-4668-BE54-9A1E7A4F7556}") = "MessageCommunicator.TestGui.Tests", "MessageCommunicator.TestGui.Tests\MessageCommunicator.TestGui.Tests.csproj", "{890F521E-B731-44C1-9C73-D2E45B5FC2E7}"
EndProject
Project("{C7167F0D-BC9F-4E6E-AFE1-012C56B48DB5}") = "MessageCommunicator.WinApp", "MessageCommunicator.WinApp\MessageCommunicator.WinApp.wapproj", "{C0147D75-D7F9-4D6A-AB94-4B5308B15F8A}"
EndProject
Global
	GlobalSection(SolutionConfigurationPlatforms) = preSolution
		Debug|Any CPU = Debug|Any CPU
		Debug|x64 = Debug|x64
		Debug|x86 = Debug|x86
		Release|Any CPU = Release|Any CPU
		Release|x64 = Release|x64
		Release|x86 = Release|x86
	EndGlobalSection
	GlobalSection(ProjectConfigurationPlatforms) = postSolution
		{0160AE6B-2303-4058-8918-9B7EEE66EC13}.Debug|Any CPU.ActiveCfg = Debug|Any CPU
		{0160AE6B-2303-4058-8918-9B7EEE66EC13}.Debug|Any CPU.Build.0 = Debug|Any CPU
		{0160AE6B-2303-4058-8918-9B7EEE66EC13}.Debug|x64.ActiveCfg = Debug|Any CPU
		{0160AE6B-2303-4058-8918-9B7EEE66EC13}.Debug|x64.Build.0 = Debug|Any CPU
		{0160AE6B-2303-4058-8918-9B7EEE66EC13}.Debug|x86.ActiveCfg = Debug|Any CPU
		{0160AE6B-2303-4058-8918-9B7EEE66EC13}.Debug|x86.Build.0 = Debug|Any CPU
		{0160AE6B-2303-4058-8918-9B7EEE66EC13}.Release|Any CPU.ActiveCfg = Release|Any CPU
		{0160AE6B-2303-4058-8918-9B7EEE66EC13}.Release|Any CPU.Build.0 = Release|Any CPU
		{0160AE6B-2303-4058-8918-9B7EEE66EC13}.Release|x64.ActiveCfg = Release|Any CPU
		{0160AE6B-2303-4058-8918-9B7EEE66EC13}.Release|x64.Build.0 = Release|Any CPU
		{0160AE6B-2303-4058-8918-9B7EEE66EC13}.Release|x86.ActiveCfg = Release|Any CPU
		{0160AE6B-2303-4058-8918-9B7EEE66EC13}.Release|x86.Build.0 = Release|Any CPU
		{A667D0C7-E91F-4364-856F-783B577BB072}.Debug|Any CPU.ActiveCfg = Debug|x86
		{A667D0C7-E91F-4364-856F-783B577BB072}.Debug|Any CPU.Build.0 = Debug|x86
		{A667D0C7-E91F-4364-856F-783B577BB072}.Debug|x64.ActiveCfg = Debug|x64
		{A667D0C7-E91F-4364-856F-783B577BB072}.Debug|x64.Build.0 = Debug|x64
		{A667D0C7-E91F-4364-856F-783B577BB072}.Debug|x86.ActiveCfg = Debug|x86
		{A667D0C7-E91F-4364-856F-783B577BB072}.Debug|x86.Build.0 = Debug|x86
		{A667D0C7-E91F-4364-856F-783B577BB072}.Release|Any CPU.ActiveCfg = Release|x86
		{A667D0C7-E91F-4364-856F-783B577BB072}.Release|Any CPU.Build.0 = Release|x86
		{A667D0C7-E91F-4364-856F-783B577BB072}.Release|x64.ActiveCfg = Release|x64
		{A667D0C7-E91F-4364-856F-783B577BB072}.Release|x64.Build.0 = Release|x64
		{A667D0C7-E91F-4364-856F-783B577BB072}.Release|x86.ActiveCfg = Release|x86
		{A667D0C7-E91F-4364-856F-783B577BB072}.Release|x86.Build.0 = Release|x86
		{15833E1F-B893-4D4C-9A37-B29E7ACDD236}.Debug|Any CPU.ActiveCfg = Debug|Any CPU
		{15833E1F-B893-4D4C-9A37-B29E7ACDD236}.Debug|Any CPU.Build.0 = Debug|Any CPU
		{15833E1F-B893-4D4C-9A37-B29E7ACDD236}.Debug|x64.ActiveCfg = Debug|Any CPU
		{15833E1F-B893-4D4C-9A37-B29E7ACDD236}.Debug|x64.Build.0 = Debug|Any CPU
		{15833E1F-B893-4D4C-9A37-B29E7ACDD236}.Debug|x86.ActiveCfg = Debug|Any CPU
		{15833E1F-B893-4D4C-9A37-B29E7ACDD236}.Debug|x86.Build.0 = Debug|Any CPU
		{15833E1F-B893-4D4C-9A37-B29E7ACDD236}.Release|Any CPU.ActiveCfg = Release|Any CPU
		{15833E1F-B893-4D4C-9A37-B29E7ACDD236}.Release|Any CPU.Build.0 = Release|Any CPU
		{15833E1F-B893-4D4C-9A37-B29E7ACDD236}.Release|x64.ActiveCfg = Release|Any CPU
		{15833E1F-B893-4D4C-9A37-B29E7ACDD236}.Release|x64.Build.0 = Release|Any CPU
		{15833E1F-B893-4D4C-9A37-B29E7ACDD236}.Release|x86.ActiveCfg = Release|Any CPU
		{15833E1F-B893-4D4C-9A37-B29E7ACDD236}.Release|x86.Build.0 = Release|Any CPU
		{7B36AA01-E6A4-49BD-9063-DA56DD25DBAD}.Debug|Any CPU.ActiveCfg = Debug|Any CPU
		{7B36AA01-E6A4-49BD-9063-DA56DD25DBAD}.Debug|Any CPU.Build.0 = Debug|Any CPU
		{7B36AA01-E6A4-49BD-9063-DA56DD25DBAD}.Debug|x64.ActiveCfg = Debug|Any CPU
		{7B36AA01-E6A4-49BD-9063-DA56DD25DBAD}.Debug|x64.Build.0 = Debug|Any CPU
		{7B36AA01-E6A4-49BD-9063-DA56DD25DBAD}.Debug|x86.ActiveCfg = Debug|Any CPU
		{7B36AA01-E6A4-49BD-9063-DA56DD25DBAD}.Debug|x86.Build.0 = Debug|Any CPU
		{7B36AA01-E6A4-49BD-9063-DA56DD25DBAD}.Release|Any CPU.ActiveCfg = Release|Any CPU
		{7B36AA01-E6A4-49BD-9063-DA56DD25DBAD}.Release|Any CPU.Build.0 = Release|Any CPU
		{7B36AA01-E6A4-49BD-9063-DA56DD25DBAD}.Release|x64.ActiveCfg = Release|Any CPU
		{7B36AA01-E6A4-49BD-9063-DA56DD25DBAD}.Release|x64.Build.0 = Release|Any CPU
		{7B36AA01-E6A4-49BD-9063-DA56DD25DBAD}.Release|x86.ActiveCfg = Release|Any CPU
		{7B36AA01-E6A4-49BD-9063-DA56DD25DBAD}.Release|x86.Build.0 = Release|Any CPU
		{890F521E-B731-44C1-9C73-D2E45B5FC2E7}.Debug|Any CPU.ActiveCfg = Debug|Any CPU
		{890F521E-B731-44C1-9C73-D2E45B5FC2E7}.Debug|Any CPU.Build.0 = Debug|Any CPU
		{890F521E-B731-44C1-9C73-D2E45B5FC2E7}.Debug|x64.ActiveCfg = Debug|Any CPU
		{890F521E-B731-44C1-9C73-D2E45B5FC2E7}.Debug|x64.Build.0 = Debug|Any CPU
		{890F521E-B731-44C1-9C73-D2E45B5FC2E7}.Debug|x86.ActiveCfg = Debug|Any CPU
		{890F521E-B731-44C1-9C73-D2E45B5FC2E7}.Debug|x86.Build.0 = Debug|Any CPU
		{890F521E-B731-44C1-9C73-D2E45B5FC2E7}.Release|Any CPU.ActiveCfg = Release|Any CPU
		{890F521E-B731-44C1-9C73-D2E45B5FC2E7}.Release|Any CPU.Build.0 = Release|Any CPU
		{890F521E-B731-44C1-9C73-D2E45B5FC2E7}.Release|x64.ActiveCfg = Release|Any CPU
		{890F521E-B731-44C1-9C73-D2E45B5FC2E7}.Release|x64.Build.0 = Release|Any CPU
		{890F521E-B731-44C1-9C73-D2E45B5FC2E7}.Release|x86.ActiveCfg = Release|Any CPU
		{890F521E-B731-44C1-9C73-D2E45B5FC2E7}.Release|x86.Build.0 = Release|Any CPU
		{C0147D75-D7F9-4D6A-AB94-4B5308B15F8A}.Debug|Any CPU.ActiveCfg = Debug|x86
		{C0147D75-D7F9-4D6A-AB94-4B5308B15F8A}.Debug|x64.ActiveCfg = Debug|x64
		{C0147D75-D7F9-4D6A-AB94-4B5308B15F8A}.Debug|x86.ActiveCfg = Debug|x86
		{C0147D75-D7F9-4D6A-AB94-4B5308B15F8A}.Release|Any CPU.ActiveCfg = Release|x86
		{C0147D75-D7F9-4D6A-AB94-4B5308B15F8A}.Release|x64.ActiveCfg = Release|x64
		{C0147D75-D7F9-4D6A-AB94-4B5308B15F8A}.Release|x86.ActiveCfg = Release|x86
	EndGlobalSection
	GlobalSection(SolutionProperties) = preSolution
		HideSolutionNode = FALSE
	EndGlobalSection
	GlobalSection(NestedProjects) = preSolution
		{912C279A-570B-490B-B610-5357670BF0D8} = {907D9916-43F6-485A-AEB3-72560525088A}
		{61C4FD8C-A0BC-4050-BD6C-1D48B45302E7} = {912C279A-570B-490B-B610-5357670BF0D8}
		{2B5F93AC-82F3-486D-8A44-07E2E21FA6A9} = {8E0807B9-6F5F-4BB1-AA23-2AED4FD99B71}
		{C55F0A61-2E52-49DF-8BF0-86288AC9DAC6} = {8E0807B9-6F5F-4BB1-AA23-2AED4FD99B71}
	EndGlobalSection
	GlobalSection(ExtensibilityGlobals) = postSolution
		SolutionGuid = {F611EC5F-305C-4179-91F2-741C52DAAFA0}
	EndGlobalSection
EndGlobal
