
Microsoft Visual Studio Solution File, Format Version 12.00
# Visual Studio Version 16
VisualStudioVersion = 16.0.30011.22
MinimumVisualStudioVersion = 10.0.40219.1
Project("{2150E333-8FDC-42A3-9474-1A3956D46DE8}") = "_Root", "_Root", "{907D9916-43F6-485A-AEB3-72560525088A}"
	ProjectSection(SolutionItems) = preProject
		LICENSE = LICENSE
		MessageCommunicator.sln.DotSettings = MessageCommunicator.sln.DotSettings
		README.md = README.md
		script-publish.ps1 = script-publish.ps1
	EndProjectSection
EndProject
Project("{2150E333-8FDC-42A3-9474-1A3956D46DE8}") = "_Misc", "_Misc", "{8E0807B9-6F5F-4BB1-AA23-2AED4FD99B71}"
	ProjectSection(SolutionItems) = preProject
		_Misc\Screenshot_01.png = _Misc\Screenshot_01.png
	EndProjectSection
EndProject
Project("{9A19103F-16F7-4668-BE54-9A1E7A4F7556}") = "MessageCommunicator", "MessageCommunicator\MessageCommunicator.csproj", "{0160AE6B-2303-4058-8918-9B7EEE66EC13}"
EndProject
Project("{9A19103F-16F7-4668-BE54-9A1E7A4F7556}") = "MessageCommunicator.TestGui", "MessageCommunicator.TestGui\MessageCommunicator.TestGui.csproj", "{A667D0C7-E91F-4364-856F-783B577BB072}"
EndProject
Project("{9A19103F-16F7-4668-BE54-9A1E7A4F7556}") = "MessageCommunicator.Tests", "MessageCommunicator.Tests\MessageCommunicator.Tests.csproj", "{15833E1F-B893-4D4C-9A37-B29E7ACDD236}"
EndProject
Global
	GlobalSection(SolutionConfigurationPlatforms) = preSolution
		Debug|Any CPU = Debug|Any CPU
		Release|Any CPU = Release|Any CPU
	EndGlobalSection
	GlobalSection(ProjectConfigurationPlatforms) = postSolution
		{0160AE6B-2303-4058-8918-9B7EEE66EC13}.Debug|Any CPU.ActiveCfg = Debug|Any CPU
		{0160AE6B-2303-4058-8918-9B7EEE66EC13}.Debug|Any CPU.Build.0 = Debug|Any CPU
		{0160AE6B-2303-4058-8918-9B7EEE66EC13}.Release|Any CPU.ActiveCfg = Release|Any CPU
		{0160AE6B-2303-4058-8918-9B7EEE66EC13}.Release|Any CPU.Build.0 = Release|Any CPU
		{A667D0C7-E91F-4364-856F-783B577BB072}.Debug|Any CPU.ActiveCfg = Debug|Any CPU
		{A667D0C7-E91F-4364-856F-783B577BB072}.Debug|Any CPU.Build.0 = Debug|Any CPU
		{A667D0C7-E91F-4364-856F-783B577BB072}.Release|Any CPU.ActiveCfg = Release|Any CPU
		{A667D0C7-E91F-4364-856F-783B577BB072}.Release|Any CPU.Build.0 = Release|Any CPU
		{15833E1F-B893-4D4C-9A37-B29E7ACDD236}.Debug|Any CPU.ActiveCfg = Debug|Any CPU
		{15833E1F-B893-4D4C-9A37-B29E7ACDD236}.Debug|Any CPU.Build.0 = Debug|Any CPU
		{15833E1F-B893-4D4C-9A37-B29E7ACDD236}.Release|Any CPU.ActiveCfg = Release|Any CPU
		{15833E1F-B893-4D4C-9A37-B29E7ACDD236}.Release|Any CPU.Build.0 = Release|Any CPU
	EndGlobalSection
	GlobalSection(SolutionProperties) = preSolution
		HideSolutionNode = FALSE
	EndGlobalSection
	GlobalSection(ExtensibilityGlobals) = postSolution
		SolutionGuid = {F611EC5F-305C-4179-91F2-741C52DAAFA0}
	EndGlobalSection
EndGlobal
